{
  "requires": true,
  "lockfileVersion": 1,
  "dependencies": {
    "thorui-uni": {
      "version": "1.6.1",
      "resolved": "https://registry.npmjs.org/thorui-uni/-/thorui-uni-1.6.1.tgz",
      "integrity": "sha512-2ebIAZw9FJzTSezTPAwSVPLbZXMF2gz0+doFlog/equnDAj/x9YRo+4WLWm74mVN/ZcbONesZ7B2DmNaylcHbg=="
    }
  }
}
